// !$*UTF8*$!
{
	archiveVersion = 1;
	classes = {
	};
	objectVersion = 46;
	objects = {

/* Begin PBXBuildFile section */
		6B3740AA1E8E085C001C7166 /* libZXingObjC-iOS.a in Frameworks */ = {isa = PBXBuildFile; fileRef = 6B37409F1E8E084C001C7166 /* libZXingObjC-iOS.a */; };
		6B58CD871E8CB83300963B53 /* main.m in Sources */ = {isa = PBXBuildFile; fileRef = 6B58CD861E8CB83300963B53 /* main.m */; };
		6B58CD8A1E8CB83300963B53 /* AppDelegate.m in Sources */ = {isa = PBXBuildFile; fileRef = 6B58CD891E8CB83300963B53 /* AppDelegate.m */; };
		6B58CD8D1E8CB83300963B53 /* MasterViewController.m in Sources */ = {isa = PBXBuildFile; fileRef = 6B58CD8C1E8CB83300963B53 /* MasterViewController.m */; };
		6B58CD901E8CB83300963B53 /* DetailViewController.m in Sources */ = {isa = PBXBuildFile; fileRef = 6B58CD8F1E8CB83300963B53 /* DetailViewController.m */; };
		6B58CD931E8CB83300963B53 /* Main.storyboard in Resources */ = {isa = PBXBuildFile; fileRef = 6B58CD911E8CB83300963B53 /* Main.storyboard */; };
		6B58CD951E8CB83300963B53 /* Assets.xcassets in Resources */ = {isa = PBXBuildFile; fileRef = 6B58CD941E8CB83300963B53 /* Assets.xcassets */; };
		6B58CD981E8CB83300963B53 /* LaunchScreen.storyboard in Resources */ = {isa = PBXBuildFile; fileRef = 6B58CD961E8CB83300963B53 /* LaunchScreen.storyboard */; };
		6B58CDA41E8CBD1900963B53 /* Capture.m in Sources */ = {isa = PBXBuildFile; fileRef = 6B58CDA11E8CBD1900963B53 /* Capture.m */; };
		6B58CDA51E8CBD1900963B53 /* CapturePreview.m in Sources */ = {isa = PBXBuildFile; fileRef = 6B58CDA31E8CBD1900963B53 /* CapturePreview.m */; };
		6B58CDA71E8CC69E00963B53 /* QRCodeReader.png in Resources */ = {isa = PBXBuildFile; fileRef = 6B58CDA61E8CC69E00963B53 /* QRCodeReader.png */; };
		6B58CDB41E8CD6B800963B53 /* libzbar.a in Frameworks */ = {isa = PBXBuildFile; fileRef = 6B58CDB01E8CCED400963B53 /* libzbar.a */; };
		6B58CDB81E8CDA0300963B53 /* libiconv.tbd in Frameworks */ = {isa = PBXBuildFile; fileRef = 6B58CDB71E8CDA0300963B53 /* libiconv.tbd */; };
/* End PBXBuildFile section */

/* Begin PBXContainerItemProxy section */
		6B37409E1E8E084C001C7166 /* PBXContainerItemProxy */ = {
			isa = PBXContainerItemProxy;
			containerPortal = 6B3740911E8E084B001C7166 /* ZXingObjC.xcodeproj */;
			proxyType = 2;
			remoteGlobalIDString = 25403CB3166A96FA00E13304;
			remoteInfo = "ZXingObjC-iOS";
		};
		6B3740A01E8E084C001C7166 /* PBXContainerItemProxy */ = {
			isa = PBXContainerItemProxy;
			containerPortal = 6B3740911E8E084B001C7166 /* ZXingObjC.xcodeproj */;
			proxyType = 2;
			remoteGlobalIDString = 25403CC4166A96FA00E13304;
			remoteInfo = "Unit Tests iOS";
		};
		6B3740A21E8E084C001C7166 /* PBXContainerItemProxy */ = {
			isa = PBXContainerItemProxy;
			containerPortal = 6B3740911E8E084B001C7166 /* ZXingObjC.xcodeproj */;
			proxyType = 2;
			remoteGlobalIDString = 25404166166AADAC00E13304;
			remoteInfo = "ZXingObjC-osx";
		};
		6B3740A41E8E084C001C7166 /* PBXContainerItemProxy */ = {
			isa = PBXContainerItemProxy;
			containerPortal = 6B3740911E8E084B001C7166 /* ZXingObjC.xcodeproj */;
			proxyType = 2;
			remoteGlobalIDString = 25404178166AADAC00E13304;
			remoteInfo = "Unit Tests OS X";
		};
		6B3740A61E8E084C001C7166 /* PBXContainerItemProxy */ = {
			isa = PBXContainerItemProxy;
			containerPortal = 6B3740911E8E084B001C7166 /* ZXingObjC.xcodeproj */;
			proxyType = 2;
			remoteGlobalIDString = 2540439E166ABA0A00E13304;
			remoteInfo = "OS X Framework";
		};
		6B3740A81E8E084C001C7166 /* PBXContainerItemProxy */ = {
			isa = PBXContainerItemProxy;
			containerPortal = 6B3740911E8E084B001C7166 /* ZXingObjC.xcodeproj */;
			proxyType = 2;
			remoteGlobalIDString = DB72547F1A523C9200EFF81B;
			remoteInfo = "iOS Framework";
		};
		6B58CDAF1E8CCED400963B53 /* PBXContainerItemProxy */ = {
			isa = PBXContainerItemProxy;
			containerPortal = 6B58CDA81E8CCED300963B53 /* zbar.xcodeproj */;
			proxyType = 2;
			remoteGlobalIDString = D2AAC07E0554694100DB518D;
			remoteInfo = libzbar;
		};
		6B58CDB11E8CCED400963B53 /* PBXContainerItemProxy */ = {
			isa = PBXContainerItemProxy;
			containerPortal = 6B58CDA81E8CCED300963B53 /* zbar.xcodeproj */;
			proxyType = 2;
			remoteGlobalIDString = DC3CEF9D121633C500D7A786;
			remoteInfo = readertest;
		};
/* End PBXContainerItemProxy section */

/* Begin PBXFileReference section */
		6B3740911E8E084B001C7166 /* ZXingObjC.xcodeproj */ = {isa = PBXFileReference; lastKnownFileType = "wrapper.pb-project"; name = ZXingObjC.xcodeproj; path = ZXingObjC/ZXingObjC.xcodeproj; sourceTree = "<group>"; };
		6B58CD821E8CB83300963B53 /* QRCodeReader.app */ = {isa = PBXFileReference; explicitFileType = wrapper.application; includeInIndex = 0; path = QRCodeReader.app; sourceTree = BUILT_PRODUCTS_DIR; };
		6B58CD861E8CB83300963B53 /* main.m */ = {isa = PBXFileReference; lastKnownFileType = sourcecode.c.objc; path = main.m; sourceTree = "<group>"; };
		6B58CD881E8CB83300963B53 /* AppDelegate.h */ = {isa = PBXFileReference; lastKnownFileType = sourcecode.c.h; path = AppDelegate.h; sourceTree = "<group>"; };
		6B58CD891E8CB83300963B53 /* AppDelegate.m */ = {isa = PBXFileReference; lastKnownFileType = sourcecode.c.objc; path = AppDelegate.m; sourceTree = "<group>"; };
		6B58CD8B1E8CB83300963B53 /* MasterViewController.h */ = {isa = PBXFileReference; lastKnownFileType = sourcecode.c.h; path = MasterViewController.h; sourceTree = "<group>"; };
		6B58CD8C1E8CB83300963B53 /* MasterViewController.m */ = {isa = PBXFileReference; lastKnownFileType = sourcecode.c.objc; path = MasterViewController.m; sourceTree = "<group>"; };
		6B58CD8E1E8CB83300963B53 /* DetailViewController.h */ = {isa = PBXFileReference; lastKnownFileType = sourcecode.c.h; path = DetailViewController.h; sourceTree = "<group>"; };
		6B58CD8F1E8CB83300963B53 /* DetailViewController.m */ = {isa = PBXFileReference; lastKnownFileType = sourcecode.c.objc; path = DetailViewController.m; sourceTree = "<group>"; };
		6B58CD921E8CB83300963B53 /* Base */ = {isa = PBXFileReference; lastKnownFileType = file.storyboard; name = Base; path = Base.lproj/Main.storyboard; sourceTree = "<group>"; };
		6B58CD941E8CB83300963B53 /* Assets.xcassets */ = {isa = PBXFileReference; lastKnownFileType = folder.assetcatalog; path = Assets.xcassets; sourceTree = "<group>"; };
		6B58CD971E8CB83300963B53 /* Base */ = {isa = PBXFileReference; lastKnownFileType = file.storyboard; name = Base; path = Base.lproj/LaunchScreen.storyboard; sourceTree = "<group>"; };
		6B58CD991E8CB83300963B53 /* Info.plist */ = {isa = PBXFileReference; lastKnownFileType = text.plist.xml; path = Info.plist; sourceTree = "<group>"; };
		6B58CDA01E8CBD1900963B53 /* Capture.h */ = {isa = PBXFileReference; fileEncoding = 4; lastKnownFileType = sourcecode.c.h; path = Capture.h; sourceTree = "<group>"; };
		6B58CDA11E8CBD1900963B53 /* Capture.m */ = {isa = PBXFileReference; fileEncoding = 4; lastKnownFileType = sourcecode.c.objc; path = Capture.m; sourceTree = "<group>"; };
		6B58CDA21E8CBD1900963B53 /* CapturePreview.h */ = {isa = PBXFileReference; fileEncoding = 4; lastKnownFileType = sourcecode.c.h; path = CapturePreview.h; sourceTree = "<group>"; };
		6B58CDA31E8CBD1900963B53 /* CapturePreview.m */ = {isa = PBXFileReference; fileEncoding = 4; lastKnownFileType = sourcecode.c.objc; path = CapturePreview.m; sourceTree = "<group>"; };
		6B58CDA61E8CC69E00963B53 /* QRCodeReader.png */ = {isa = PBXFileReference; lastKnownFileType = image.png; path = QRCodeReader.png; sourceTree = "<group>"; };
		6B58CDA81E8CCED300963B53 /* zbar.xcodeproj */ = {isa = PBXFileReference; lastKnownFileType = "wrapper.pb-project"; name = zbar.xcodeproj; path = ZBarSDK/ZBar/iphone/zbar.xcodeproj; sourceTree = "<group>"; };
		6B58CDB71E8CDA0300963B53 /* libiconv.tbd */ = {isa = PBXFileReference; lastKnownFileType = "sourcecode.text-based-dylib-definition"; name = libiconv.tbd; path = usr/lib/libiconv.tbd; sourceTree = SDKROOT; };
/* End PBXFileReference section */

/* Begin PBXFrameworksBuildPhase section */
		6B58CD7F1E8CB83300963B53 /* Frameworks */ = {
			isa = PBXFrameworksBuildPhase;
			buildActionMask = 2147483647;
			files = (
				6B3740AA1E8E085C001C7166 /* libZXingObjC-iOS.a in Frameworks */,
				6B58CDB41E8CD6B800963B53 /* libzbar.a in Frameworks */,
				6B58CDB81E8CDA0300963B53 /* libiconv.tbd in Frameworks */,
			);
			runOnlyForDeploymentPostprocessing = 0;
		};
/* End PBXFrameworksBuildPhase section */

/* Begin PBXGroup section */
		6B3740921E8E084B001C7166 /* Products */ = {
			isa = PBXGroup;
			children = (
				6B37409F1E8E084C001C7166 /* libZXingObjC-iOS.a */,
				6B3740A11E8E084C001C7166 /* Unit Tests iOS.xctest */,
				6B3740A31E8E084C001C7166 /* libZXingObjC-osx.a */,
				6B3740A51E8E084C001C7166 /* Unit Tests OS X.xctest */,
				6B3740A71E8E084C001C7166 /* ZXingObjC.framework */,
				6B3740A91E8E084C001C7166 /* ZXingObjC.framework */,
			);
			name = Products;
			sourceTree = "<group>";
		};
		6B58CD791E8CB83300963B53 = {
			isa = PBXGroup;
			children = (
				6B58CD841E8CB83300963B53 /* QRCodeReader */,
				6B58CD831E8CB83300963B53 /* Products */,
				6B3740911E8E084B001C7166 /* ZXingObjC.xcodeproj */,
				6B58CDA81E8CCED300963B53 /* zbar.xcodeproj */,
				6B58CDB61E8CDA0300963B53 /* Frameworks */,
			);
			sourceTree = "<group>";
		};
		6B58CD831E8CB83300963B53 /* Products */ = {
			isa = PBXGroup;
			children = (
				6B58CD821E8CB83300963B53 /* QRCodeReader.app */,
			);
			name = Products;
			sourceTree = "<group>";
		};
		6B58CD841E8CB83300963B53 /* QRCodeReader */ = {
			isa = PBXGroup;
			children = (
				6B58CD9F1E8CBD1900963B53 /* AVCamera */,
				6B58CD881E8CB83300963B53 /* AppDelegate.h */,
				6B58CD891E8CB83300963B53 /* AppDelegate.m */,
				6B58CD8B1E8CB83300963B53 /* MasterViewController.h */,
				6B58CD8C1E8CB83300963B53 /* MasterViewController.m */,
				6B58CD8E1E8CB83300963B53 /* DetailViewController.h */,
				6B58CD8F1E8CB83300963B53 /* DetailViewController.m */,
				6B58CD911E8CB83300963B53 /* Main.storyboard */,
				6B58CD941E8CB83300963B53 /* Assets.xcassets */,
				6B58CD961E8CB83300963B53 /* LaunchScreen.storyboard */,
				6B58CD991E8CB83300963B53 /* Info.plist */,
				6B58CD851E8CB83300963B53 /* Supporting Files */,
			);
			path = QRCodeReader;
			sourceTree = "<group>";
		};
		6B58CD851E8CB83300963B53 /* Supporting Files */ = {
			isa = PBXGroup;
			children = (
				6B58CDA61E8CC69E00963B53 /* QRCodeReader.png */,
				6B58CD861E8CB83300963B53 /* main.m */,
			);
			name = "Supporting Files";
			sourceTree = "<group>";
		};
		6B58CD9F1E8CBD1900963B53 /* AVCamera */ = {
			isa = PBXGroup;
			children = (
				6B58CDA01E8CBD1900963B53 /* Capture.h */,
				6B58CDA11E8CBD1900963B53 /* Capture.m */,
				6B58CDA21E8CBD1900963B53 /* CapturePreview.h */,
				6B58CDA31E8CBD1900963B53 /* CapturePreview.m */,
			);
			path = AVCamera;
			sourceTree = "<group>";
		};
		6B58CDA91E8CCED300963B53 /* Products */ = {
			isa = PBXGroup;
			children = (
				6B58CDB01E8CCED400963B53 /* libzbar.a */,
				6B58CDB21E8CCED400963B53 /* readertest.app */,
			);
			name = Products;
			sourceTree = "<group>";
		};
		6B58CDB61E8CDA0300963B53 /* Frameworks */ = {
			isa = PBXGroup;
			children = (
				6B58CDB71E8CDA0300963B53 /* libiconv.tbd */,
			);
			name = Frameworks;
			sourceTree = "<group>";
		};
/* End PBXGroup section */

/* Begin PBXNativeTarget section */
		6B58CD811E8CB83300963B53 /* QRCodeReader */ = {
			isa = PBXNativeTarget;
			buildConfigurationList = 6B58CD9C1E8CB83300963B53 /* Build configuration list for PBXNativeTarget "QRCodeReader" */;
			buildPhases = (
				6B58CD7E1E8CB83300963B53 /* Sources */,
				6B58CD7F1E8CB83300963B53 /* Frameworks */,
				6B58CD801E8CB83300963B53 /* Resources */,
			);
			buildRules = (
			);
			dependencies = (
			);
			name = QRCodeReader;
			productName = QRCodeReader;
			productReference = 6B58CD821E8CB83300963B53 /* QRCodeReader.app */;
			productType = "com.apple.product-type.application";
		};
/* End PBXNativeTarget section */

/* Begin PBXProject section */
		6B58CD7A1E8CB83300963B53 /* Project object */ = {
			isa = PBXProject;
			attributes = {
				LastUpgradeCheck = 0820;
				ORGANIZATIONNAME = "JT Ma";
				TargetAttributes = {
					6B58CD811E8CB83300963B53 = {
						CreatedOnToolsVersion = 8.2.1;
						DevelopmentTeam = C94329WK33;
						ProvisioningStyle = Automatic;
					};
				};
			};
			buildConfigurationList = 6B58CD7D1E8CB83300963B53 /* Build configuration list for PBXProject "QRCodeReader" */;
			compatibilityVersion = "Xcode 3.2";
			developmentRegion = English;
			hasScannedForEncodings = 0;
			knownRegions = (
				en,
				Base,
			);
			mainGroup = 6B58CD791E8CB83300963B53;
			productRefGroup = 6B58CD831E8CB83300963B53 /* Products */;
			projectDirPath = "";
			projectReferences = (
				{
					ProductGroup = 6B58CDA91E8CCED300963B53 /* Products */;
					ProjectRef = 6B58CDA81E8CCED300963B53 /* zbar.xcodeproj */;
				},
				{
					ProductGroup = 6B3740921E8E084B001C7166 /* Products */;
					ProjectRef = 6B3740911E8E084B001C7166 /* ZXingObjC.xcodeproj */;
				},
			);
			projectRoot = "";
			targets = (
				6B58CD811E8CB83300963B53 /* QRCodeReader */,
			);
		};
/* End PBXProject section */

/* Begin PBXReferenceProxy section */
		6B37409F1E8E084C001C7166 /* libZXingObjC-iOS.a */ = {
			isa = PBXReferenceProxy;
			fileType = archive.ar;
			path = "libZXingObjC-iOS.a";
			remoteRef = 6B37409E1E8E084C001C7166 /* PBXContainerItemProxy */;
			sourceTree = BUILT_PRODUCTS_DIR;
		};
		6B3740A11E8E084C001C7166 /* Unit Tests iOS.xctest */ = {
			isa = PBXReferenceProxy;
			fileType = wrapper.cfbundle;
			path = "Unit Tests iOS.xctest";
			remoteRef = 6B3740A01E8E084C001C7166 /* PBXContainerItemProxy */;
			sourceTree = BUILT_PRODUCTS_DIR;
		};
		6B3740A31E8E084C001C7166 /* libZXingObjC-osx.a */ = {
			isa = PBXReferenceProxy;
			fileType = archive.ar;
			path = "libZXingObjC-osx.a";
			remoteRef = 6B3740A21E8E084C001C7166 /* PBXContainerItemProxy */;
			sourceTree = BUILT_PRODUCTS_DIR;
		};
		6B3740A51E8E084C001C7166 /* Unit Tests OS X.xctest */ = {
			isa = PBXReferenceProxy;
			fileType = wrapper.cfbundle;
			path = "Unit Tests OS X.xctest";
			remoteRef = 6B3740A41E8E084C001C7166 /* PBXContainerItemProxy */;
			sourceTree = BUILT_PRODUCTS_DIR;
		};
		6B3740A71E8E084C001C7166 /* ZXingObjC.framework */ = {
			isa = PBXReferenceProxy;
			fileType = wrapper.framework;
			path = ZXingObjC.framework;
			remoteRef = 6B3740A61E8E084C001C7166 /* PBXContainerItemProxy */;
			sourceTree = BUILT_PRODUCTS_DIR;
		};
		6B3740A91E8E084C001C7166 /* ZXingObjC.framework */ = {
			isa = PBXReferenceProxy;
			fileType = wrapper.framework;
			path = ZXingObjC.framework;
			remoteRef = 6B3740A81E8E084C001C7166 /* PBXContainerItemProxy */;
			sourceTree = BUILT_PRODUCTS_DIR;
		};
		6B58CDB01E8CCED400963B53 /* libzbar.a */ = {
			isa = PBXReferenceProxy;
			fileType = archive.ar;
			path = libzbar.a;
			remoteRef = 6B58CDAF1E8CCED400963B53 /* PBXContainerItemProxy */;
			sourceTree = BUILT_PRODUCTS_DIR;
		};
		6B58CDB21E8CCED400963B53 /* readertest.app */ = {
			isa = PBXReferenceProxy;
			fileType = wrapper.application;
			path = readertest.app;
			remoteRef = 6B58CDB11E8CCED400963B53 /* PBXContainerItemProxy */;
			sourceTree = BUILT_PRODUCTS_DIR;
		};
/* End PBXReferenceProxy section */

/* Begin PBXResourcesBuildPhase section */
		6B58CD801E8CB83300963B53 /* Resources */ = {
			isa = PBXResourcesBuildPhase;
			buildActionMask = 2147483647;
			files = (
				6B58CDA71E8CC69E00963B53 /* QRCodeReader.png in Resources */,
				6B58CD981E8CB83300963B53 /* LaunchScreen.storyboard in Resources */,
				6B58CD951E8CB83300963B53 /* Assets.xcassets in Resources */,
				6B58CD931E8CB83300963B53 /* Main.storyboard in Resources */,
			);
			runOnlyForDeploymentPostprocessing = 0;
		};
/* End PBXResourcesBuildPhase section */

/* Begin PBXSourcesBuildPhase section */
		6B58CD7E1E8CB83300963B53 /* Sources */ = {
			isa = PBXSourcesBuildPhase;
			buildActionMask = 2147483647;
			files = (
				6B58CD8A1E8CB83300963B53 /* AppDelegate.m in Sources */,
				6B58CDA51E8CBD1900963B53 /* CapturePreview.m in Sources */,
				6B58CD8D1E8CB83300963B53 /* MasterViewController.m in Sources */,
				6B58CD871E8CB83300963B53 /* main.m in Sources */,
				6B58CDA41E8CBD1900963B53 /* Capture.m in Sources */,
				6B58CD901E8CB83300963B53 /* DetailViewController.m in Sources */,
			);
			runOnlyForDeploymentPostprocessing = 0;
		};
/* End PBXSourcesBuildPhase section */

/* Begin PBXVariantGroup section */
		6B58CD911E8CB83300963B53 /* Main.storyboard */ = {
			isa = PBXVariantGroup;
			children = (
				6B58CD921E8CB83300963B53 /* Base */,
			);
			name = Main.storyboard;
			sourceTree = "<group>";
		};
		6B58CD961E8CB83300963B53 /* LaunchScreen.storyboard */ = {
			isa = PBXVariantGroup;
			children = (
				6B58CD971E8CB83300963B53 /* Base */,
			);
			name = LaunchScreen.storyboard;
			sourceTree = "<group>";
		};
/* End PBXVariantGroup section */

/* Begin XCBuildConfiguration section */
		6B58CD9A1E8CB83300963B53 /* Debug */ = {
			isa = XCBuildConfiguration;
			buildSettings = {
				ALWAYS_SEARCH_USER_PATHS = NO;
				CLANG_ANALYZER_NONNULL = YES;
				CLANG_CXX_LANGUAGE_STANDARD = "gnu++0x";
				CLANG_CXX_LIBRARY = "libc++";
				CLANG_ENABLE_MODULES = YES;
				CLANG_ENABLE_OBJC_ARC = YES;
				CLANG_WARN_BOOL_CONVERSION = YES;
				CLANG_WARN_CONSTANT_CONVERSION = YES;
				CLANG_WARN_DIRECT_OBJC_ISA_USAGE = YES_ERROR;
				CLANG_WARN_DOCUMENTATION_COMMENTS = YES;
				CLANG_WARN_EMPTY_BODY = YES;
				CLANG_WARN_ENUM_CONVERSION = YES;
				CLANG_WARN_INFINITE_RECURSION = YES;
				CLANG_WARN_INT_CONVERSION = YES;
				CLANG_WARN_OBJC_ROOT_CLASS = YES_ERROR;
				CLANG_WARN_SUSPICIOUS_MOVE = YES;
				CLANG_WARN_UNREACHABLE_CODE = YES;
				CLANG_WARN__DUPLICATE_METHOD_MATCH = YES;
				"CODE_SIGN_IDENTITY[sdk=iphoneos*]" = "iPhone Developer";
				COPY_PHASE_STRIP = NO;
				DEBUG_INFORMATION_FORMAT = dwarf;
				ENABLE_STRICT_OBJC_MSGSEND = YES;
				ENABLE_TESTABILITY = YES;
				GCC_C_LANGUAGE_STANDARD = gnu99;
				GCC_DYNAMIC_NO_PIC = NO;
				GCC_NO_COMMON_BLOCKS = YES;
				GCC_OPTIMIZATION_LEVEL = 0;
				GCC_PREPROCESSOR_DEFINITIONS = (
					"DEBUG=1",
					"$(inherited)",
				);
				GCC_WARN_64_TO_32_BIT_CONVERSION = YES;
				GCC_WARN_ABOUT_RETURN_TYPE = YES_ERROR;
				GCC_WARN_UNDECLARED_SELECTOR = YES;
				GCC_WARN_UNINITIALIZED_AUTOS = YES_AGGRESSIVE;
				GCC_WARN_UNUSED_FUNCTION = YES;
				GCC_WARN_UNUSED_VARIABLE = YES;
				IPHONEOS_DEPLOYMENT_TARGET = 8.0;
				MTL_ENABLE_DEBUG_INFO = YES;
				ONLY_ACTIVE_ARCH = YES;
				SDKROOT = iphoneos;
				TARGETED_DEVICE_FAMILY = "1,2";
			};
			name = Debug;
		};
		6B58CD9B1E8CB83300963B53 /* Release */ = {
			isa = XCBuildConfiguration;
			buildSettings = {
				ALWAYS_SEARCH_USER_PATHS = NO;
				CLANG_ANALYZER_NONNULL = YES;
				CLANG_CXX_LANGUAGE_STANDARD = "gnu++0x";
				CLANG_CXX_LIBRARY = "libc++";
				CLANG_ENABLE_MODULES = YES;
				CLANG_ENABLE_OBJC_ARC = YES;
				CLANG_WARN_BOOL_CONVERSION = YES;
				CLANG_WARN_CONSTANT_CONVERSION = YES;
				CLANG_WARN_DIRECT_OBJC_ISA_USAGE = YES_ERROR;
				CLANG_WARN_DOCUMENTATION_COMMENTS = YES;
				CLANG_WARN_EMPTY_BODY = YES;
				CLANG_WARN_ENUM_CONVERSION = YES;
				CLANG_WARN_INFINITE_RECURSION = YES;
				CLANG_WARN_INT_CONVERSION = YES;
				CLANG_WARN_OBJC_ROOT_CLASS = YES_ERROR;
				CLANG_WARN_SUSPICIOUS_MOVE = YES;
				CLANG_WARN_UNREACHABLE_CODE = YES;
				CLANG_WARN__DUPLICATE_METHOD_MATCH = YES;
				"CODE_SIGN_IDENTITY[sdk=iphoneos*]" = "iPhone Developer";
				COPY_PHASE_STRIP = NO;
				DEBUG_INFORMATION_FORMAT = "dwarf-with-dsym";
				ENABLE_NS_ASSERTIONS = NO;
				ENABLE_STRICT_OBJC_MSGSEND = YES;
				GCC_C_LANGUAGE_STANDARD = gnu99;
				GCC_NO_COMMON_BLOCKS = YES;
				GCC_WARN_64_TO_32_BIT_CONVERSION = YES;
				GCC_WARN_ABOUT_RETURN_TYPE = YES_ERROR;
				GCC_WARN_UNDECLARED_SELECTOR = YES;
				GCC_WARN_UNINITIALIZED_AUTOS = YES_AGGRESSIVE;
				GCC_WARN_UNUSED_FUNCTION = YES;
				GCC_WARN_UNUSED_VARIABLE = YES;
				IPHONEOS_DEPLOYMENT_TARGET = 8.0;
				MTL_ENABLE_DEBUG_INFO = NO;
				SDKROOT = iphoneos;
				TARGETED_DEVICE_FAMILY = "1,2";
				VALIDATE_PRODUCT = YES;
			};
			name = Release;
		};
		6B58CD9D1E8CB83300963B53 /* Debug */ = {
			isa = XCBuildConfiguration;
			buildSettings = {
				ASSETCATALOG_COMPILER_APPICON_NAME = AppIcon;
				DEVELOPMENT_TEAM = C94329WK33;
				HEADER_SEARCH_PATHS = (
					"$(SRCROOT)/ZBarSDK/Headers",
					"$(SRCROOT)/ZXingObjC/ZXingObjC/**",
				);
				INFOPLIST_FILE = QRCodeReader/Info.plist;
				LD_RUNPATH_SEARCH_PATHS = "$(inherited) @executable_path/Frameworks";
				LIBRARY_SEARCH_PATHS = "";
				PRODUCT_BUNDLE_IDENTIFIER = com.hiscene.QRCodeReader;
				PRODUCT_NAME = "$(TARGET_NAME)";
			};
			name = Debug;
		};
		6B58CD9E1E8CB83300963B53 /* Release */ = {
			isa = XCBuildConfiguration;
			buildSettings = {
				ASSETCATALOG_COMPILER_APPICON_NAME = AppIcon;
				DEVELOPMENT_TEAM = C94329WK33;
				HEADER_SEARCH_PATHS = (
					"$(SRCROOT)/ZBarSDK/Headers",
					"$(SRCROOT)/ZXingObjC/ZXingObjC/**",
				);
				INFOPLIST_FILE = QRCodeReader/Info.plist;
				LD_RUNPATH_SEARCH_PATHS = "$(inherited) @executable_path/Frameworks";
				LIBRARY_SEARCH_PATHS = "";
				PRODUCT_BUNDLE_IDENTIFIER = com.hiscene.QRCodeReader;
				PRODUCT_NAME = "$(TARGET_NAME)";
			};
			name = Release;
		};
/* End XCBuildConfiguration section */

/* Begin XCConfigurationList section */
		6B58CD7D1E8CB83300963B53 /* Build configuration list for PBXProject "QRCodeReader" */ = {
			isa = XCConfigurationList;
			buildConfigurations = (
				6B58CD9A1E8CB83300963B53 /* Debug */,
				6B58CD9B1E8CB83300963B53 /* Release */,
			);
			defaultConfigurationIsVisible = 0;
			defaultConfigurationName = Release;
		};
		6B58CD9C1E8CB83300963B53 /* Build configuration list for PBXNativeTarget "QRCodeReader" */ = {
			isa = XCConfigurationList;
			buildConfigurations = (
				6B58CD9D1E8CB83300963B53 /* Debug */,
				6B58CD9E1E8CB83300963B53 /* Release */,
			);
			defaultConfigurationIsVisible = 0;
			defaultConfigurationName = Release;
		};
/* End XCConfigurationList section */
	};
	rootObject = 6B58CD7A1E8CB83300963B53 /* Project object */;
}
